// !$*UTF8*$!
{
	archiveVersion = 1;
	classes = {
	};
	objectVersion = 50;
	objects = {

/* Begin PBXBuildFile section */
		96BC6D8137B3D5758B48214D /* Pods_Bitcoin_Tracker.framework in Frameworks */ = {isa = PBXBuildFile; fileRef = 474EA97E014436C8C6409123 /* Pods_Bitcoin_Tracker.framework */; };
		EA5908E021B79D2D00A154F1 /* AppDelegate.swift in Sources */ = {isa = PBXBuildFile; fileRef = EA5908DF21B79D2D00A154F1 /* AppDelegate.swift */; };
		EA5908E221B79D2D00A154F1 /* ViewController.swift in Sources */ = {isa = PBXBuildFile; fileRef = EA5908E121B79D2D00A154F1 /* ViewController.swift */; };
		EA5908E521B79D2D00A154F1 /* Main.storyboard in Resources */ = {isa = PBXBuildFile; fileRef = EA5908E321B79D2D00A154F1 /* Main.storyboard */; };
		EA5908E721B79D3000A154F1 /* Assets.xcassets in Resources */ = {isa = PBXBuildFile; fileRef = EA5908E621B79D3000A154F1 /* Assets.xcassets */; };
		EA5908EA21B79D3000A154F1 /* LaunchScreen.storyboard in Resources */ = {isa = PBXBuildFile; fileRef = EA5908E821B79D3000A154F1 /* LaunchScreen.storyboard */; };
/* End PBXBuildFile section */

/* Begin PBXFileReference section */
		0229FB3FEF16734B515A01D0 /* Pods-Bitcoin Tracker.debug.xcconfig */ = {isa = PBXFileReference; includeInIndex = 1; lastKnownFileType = text.xcconfig; name = "Pods-Bitcoin Tracker.debug.xcconfig"; path = "Target Support Files/Pods-Bitcoin Tracker/Pods-Bitcoin Tracker.debug.xcconfig"; sourceTree = "<group>"; };
		13D1F050E480FB8AC8F2A4B1 /* Pods-Bitcoin Tracker.release.xcconfig */ = {isa = PBXFileReference; includeInIndex = 1; lastKnownFileType = text.xcconfig; name = "Pods-Bitcoin Tracker.release.xcconfig"; path = "Target Support Files/Pods-Bitcoin Tracker/Pods-Bitcoin Tracker.release.xcconfig"; sourceTree = "<group>"; };
		474EA97E014436C8C6409123 /* Pods_Bitcoin_Tracker.framework */ = {isa = PBXFileReference; explicitFileType = wrapper.framework; includeInIndex = 0; path = Pods_Bitcoin_Tracker.framework; sourceTree = BUILT_PRODUCTS_DIR; };
		EA5908DC21B79D2D00A154F1 /* Bitcoin Tracker.app */ = {isa = PBXFileReference; explicitFileType = wrapper.application; includeInIndex = 0; path = "Bitcoin Tracker.app"; sourceTree = BUILT_PRODUCTS_DIR; };
		EA5908DF21B79D2D00A154F1 /* AppDelegate.swift */ = {isa = PBXFileReference; lastKnownFileType = sourcecode.swift; path = AppDelegate.swift; sourceTree = "<group>"; };
		EA5908E121B79D2D00A154F1 /* ViewController.swift */ = {isa = PBXFileReference; lastKnownFileType = sourcecode.swift; path = ViewController.swift; sourceTree = "<group>"; wrapsLines = 0; };
		EA5908E421B79D2D00A154F1 /* Base */ = {isa = PBXFileReference; lastKnownFileType = file.storyboard; name = Base; path = Base.lproj/Main.storyboard; sourceTree = "<group>"; };
		EA5908E621B79D3000A154F1 /* Assets.xcassets */ = {isa = PBXFileReference; lastKnownFileType = folder.assetcatalog; path = Assets.xcassets; sourceTree = "<group>"; };
		EA5908E921B79D3000A154F1 /* Base */ = {isa = PBXFileReference; lastKnownFileType = file.storyboard; name = Base; path = Base.lproj/LaunchScreen.storyboard; sourceTree = "<group>"; };
		EA5908EB21B79D3000A154F1 /* Info.plist */ = {isa = PBXFileReference; lastKnownFileType = text.plist.xml; path = Info.plist; sourceTree = "<group>"; };
/* End PBXFileReference section */

/* Begin PBXFrameworksBuildPhase section */
		EA5908D921B79D2D00A154F1 /* Frameworks */ = {
			isa = PBXFrameworksBuildPhase;
			buildActionMask = 2147483647;
			files = (
				96BC6D8137B3D5758B48214D /* Pods_Bitcoin_Tracker.framework in Frameworks */,
			);
			runOnlyForDeploymentPostprocessing = 0;
		};
/* End PBXFrameworksBuildPhase section */

/* Begin PBXGroup section */
		9C269A77663D6A2946EA84D0 /* Pods */ = {
			isa = PBXGroup;
			children = (
				0229FB3FEF16734B515A01D0 /* Pods-Bitcoin Tracker.debug.xcconfig */,
				13D1F050E480FB8AC8F2A4B1 /* Pods-Bitcoin Tracker.release.xcconfig */,
			);
			name = Pods;
			path = Pods;
			sourceTree = "<group>";
		};
		EA5908D321B79D2D00A154F1 = {
			isa = PBXGroup;
			children = (
				EA5908DE21B79D2D00A154F1 /* Bitcoin Tracker */,
				EA5908DD21B79D2D00A154F1 /* Products */,
				9C269A77663D6A2946EA84D0 /* Pods */,
				EC5D8A8AD8488178A922E1AF /* Frameworks */,
			);
			sourceTree = "<group>";
		};
		EA5908DD21B79D2D00A154F1 /* Products */ = {
			isa = PBXGroup;
			children = (
				EA5908DC21B79D2D00A154F1 /* Bitcoin Tracker.app */,
			);
			name = Products;
			sourceTree = "<group>";
		};
		EA5908DE21B79D2D00A154F1 /* Bitcoin Tracker */ = {
			isa = PBXGroup;
			children = (
				EA5908DF21B79D2D00A154F1 /* AppDelegate.swift */,
				EA5908E121B79D2D00A154F1 /* ViewController.swift */,
				EA5908E321B79D2D00A154F1 /* Main.storyboard */,
				EA5908E621B79D3000A154F1 /* Assets.xcassets */,
				EA5908E821B79D3000A154F1 /* LaunchScreen.storyboard */,
				EA5908EB21B79D3000A154F1 /* Info.plist */,
			);
			path = "Bitcoin Tracker";
			sourceTree = "<group>";
		};
		EC5D8A8AD8488178A922E1AF /* Frameworks */ = {
			isa = PBXGroup;
			children = (
				474EA97E014436C8C6409123 /* Pods_Bitcoin_Tracker.framework */,
			);
			name = Frameworks;
			sourceTree = "<group>";
		};
/* End PBXGroup section */

/* Begin PBXNativeTarget section */
		EA5908DB21B79D2D00A154F1 /* Bitcoin Tracker */ = {
			isa = PBXNativeTarget;
			buildConfigurationList = EA5908EE21B79D3000A154F1 /* Build configuration list for PBXNativeTarget "Bitcoin Tracker" */;
			buildPhases = (
				A7280C5BCB2199EFE53B5246 /* [CP] Check Pods Manifest.lock */,
				EA5908D821B79D2D00A154F1 /* Sources */,
				EA5908D921B79D2D00A154F1 /* Frameworks */,
				EA5908DA21B79D2D00A154F1 /* Resources */,
				D35F3F3130005FB1B2DD1C18 /* [CP] Embed Pods Frameworks */,
			);
			buildRules = (
			);
			dependencies = (
			);
			name = "Bitcoin Tracker";
			productName = "Bitcoin Tracker";
			productReference = EA5908DC21B79D2D00A154F1 /* Bitcoin Tracker.app */;
			productType = "com.apple.product-type.application";
		};
/* End PBXNativeTarget section */

/* Begin PBXProject section */
		EA5908D421B79D2D00A154F1 /* Project object */ = {
			isa = PBXProject;
			attributes = {
				LastSwiftUpdateCheck = 1000;
				LastUpgradeCheck = 1000;
				ORGANIZATIONNAME = "Divyanshu N Singh";
				TargetAttributes = {
					EA5908DB21B79D2D00A154F1 = {
						CreatedOnToolsVersion = 10.0;
					};
				};
			};
			buildConfigurationList = EA5908D721B79D2D00A154F1 /* Build configuration list for PBXProject "Bitcoin Tracker" */;
			compatibilityVersion = "Xcode 9.3";
			developmentRegion = en;
			hasScannedForEncodings = 0;
			knownRegions = (
				en,
				Base,
			);
			mainGroup = EA5908D321B79D2D00A154F1;
			productRefGroup = EA5908DD21B79D2D00A154F1 /* Products */;
			projectDirPath = "";
			projectRoot = "";
			targets = (
				EA5908DB21B79D2D00A154F1 /* Bitcoin Tracker */,
			);
		};
/* End PBXProject section */

/* Begin PBXResourcesBuildPhase section */
		EA5908DA21B79D2D00A154F1 /* Resources */ = {
			isa = PBXResourcesBuildPhase;
			buildActionMask = 2147483647;
			files = (
				EA5908EA21B79D3000A154F1 /* LaunchScreen.storyboard in Resources */,
				EA5908E721B79D3000A154F1 /* Assets.xcassets in Resources */,
				EA5908E521B79D2D00A154F1 /* Main.storyboard in Resources */,
			);
			runOnlyForDeploymentPostprocessing = 0;
		};
/* End PBXResourcesBuildPhase section */

/* Begin PBXShellScriptBuildPhase section */
		A7280C5BCB2199EFE53B5246 /* [CP] Check Pods Manifest.lock */ = {
			isa = PBXShellScriptBuildPhase;
			buildActionMask = 2147483647;
			files = (
			);
			inputFileListPaths = (
			);
			inputPaths = (
				"${PODS_PODFILE_DIR_PATH}/Podfile.lock",
				"${PODS_ROOT}/Manifest.lock",
			);
			name = "[CP] Check Pods Manifest.lock";
			outputFileListPaths = (
			);
			outputPaths = (
				"$(DERIVED_FILE_DIR)/Pods-Bitcoin Tracker-checkManifestLockResult.txt",
			);
			runOnlyForDeploymentPostprocessing = 0;
			shellPath = /bin/sh;
			shellScript = "diff \"${PODS_PODFILE_DIR_PATH}/Podfile.lock\" \"${PODS_ROOT}/Manifest.lock\" > /dev/null\nif [ $? != 0 ] ; then\n    # print error to STDERR\n    echo \"error: The sandbox is not in sync with the Podfile.lock. Run 'pod install' or update your CocoaPods installation.\" >&2\n    exit 1\nfi\n# This output is used by Xcode 'outputs' to avoid re-running this script phase.\necho \"SUCCESS\" > \"${SCRIPT_OUTPUT_FILE_0}\"\n";
			showEnvVarsInLog = 0;
		};
		D35F3F3130005FB1B2DD1C18 /* [CP] Embed Pods Frameworks */ = {
			isa = PBXShellScriptBuildPhase;
			buildActionMask = 2147483647;
			files = (
			);
			inputFileListPaths = (
			);
			inputPaths = (
				"${PODS_ROOT}/Target Support Files/Pods-Bitcoin Tracker/Pods-Bitcoin Tracker-frameworks.sh",
				"${BUILT_PRODUCTS_DIR}/Alamofire/Alamofire.framework",
				"${BUILT_PRODUCTS_DIR}/SwiftyJSON/SwiftyJSON.framework",
			);
			name = "[CP] Embed Pods Frameworks";
			outputFileListPaths = (
			);
			outputPaths = (
				"${TARGET_BUILD_DIR}/${FRAMEWORKS_FOLDER_PATH}/Alamofire.framework",
				"${TARGET_BUILD_DIR}/${FRAMEWORKS_FOLDER_PATH}/SwiftyJSON.framework",
			);
			runOnlyForDeploymentPostprocessing = 0;
			shellPath = /bin/sh;
			shellScript = "\"${PODS_ROOT}/Target Support Files/Pods-Bitcoin Tracker/Pods-Bitcoin Tracker-frameworks.sh\"\n";
			showEnvVarsInLog = 0;
		};
/* End PBXShellScriptBuildPhase section */

/* Begin PBXSourcesBuildPhase section */
		EA5908D821B79D2D00A154F1 /* Sources */ = {
			isa = PBXSourcesBuildPhase;
			buildActionMask = 2147483647;
			files = (
				EA5908E221B79D2D00A154F1 /* ViewController.swift in Sources */,
				EA5908E021B79D2D00A154F1 /* AppDelegate.swift in Sources */,
			);
			runOnlyForDeploymentPostprocessing = 0;
		};
/* End PBXSourcesBuildPhase section */

/* Begin PBXVariantGroup section */
		EA5908E321B79D2D00A154F1 /* Main.storyboard */ = {
			isa = PBXVariantGroup;
			children = (
				EA5908E421B79D2D00A154F1 /* Base */,
			);
			name = Main.storyboard;
			sourceTree = "<group>";
		};
		EA5908E821B79D3000A154F1 /* LaunchScreen.storyboard */ = {
			isa = PBXVariantGroup;
			children = (
				EA5908E921B79D3000A154F1 /* Base */,
			);
			name = LaunchScreen.storyboard;
			sourceTree = "<group>";
		};
/* End PBXVariantGroup section */

/* Begin XCBuildConfiguration section */
		EA5908EC21B79D3000A154F1 /* Debug */ = {
			isa = XCBuildConfiguration;
			buildSettings = {
				ALWAYS_SEARCH_USER_PATHS = NO;
				CLANG_ANALYZER_NONNULL = YES;
				CLANG_ANALYZER_NUMBER_OBJECT_CONVERSION = YES_AGGRESSIVE;
				CLANG_CXX_LANGUAGE_STANDARD = "gnu++14";
				CLANG_CXX_LIBRARY = "libc++";
				CLANG_ENABLE_MODULES = YES;
				CLANG_ENABLE_OBJC_ARC = YES;
				CLANG_ENABLE_OBJC_WEAK = YES;
				CLANG_WARN_BLOCK_CAPTURE_AUTORELEASING = YES;
				CLANG_WARN_BOOL_CONVERSION = YES;
				CLANG_WARN_COMMA = YES;
				CLANG_WARN_CONSTANT_CONVERSION = YES;
				CLANG_WARN_DEPRECATED_OBJC_IMPLEMENTATIONS = YES;
				CLANG_WARN_DIRECT_OBJC_ISA_USAGE = YES_ERROR;
				CLANG_WARN_DOCUMENTATION_COMMENTS = YES;
				CLANG_WARN_EMPTY_BODY = YES;
				CLANG_WARN_ENUM_CONVERSION = YES;
				CLANG_WARN_INFINITE_RECURSION = YES;
				CLANG_WARN_INT_CONVERSION = YES;
				CLANG_WARN_NON_LITERAL_NULL_CONVERSION = YES;
				CLANG_WARN_OBJC_IMPLICIT_RETAIN_SELF = YES;
				CLANG_WARN_OBJC_LITERAL_CONVERSION = YES;
				CLANG_WARN_OBJC_ROOT_CLASS = YES_ERROR;
				CLANG_WARN_RANGE_LOOP_ANALYSIS = YES;
				CLANG_WARN_STRICT_PROTOTYPES = YES;
				CLANG_WARN_SUSPICIOUS_MOVE = YES;
				CLANG_WARN_UNGUARDED_AVAILABILITY = YES_AGGRESSIVE;
				CLANG_WARN_UNREACHABLE_CODE = YES;
				CLANG_WARN__DUPLICATE_METHOD_MATCH = YES;
				CODE_SIGN_IDENTITY = "iPhone Developer";
				COPY_PHASE_STRIP = NO;
				DEBUG_INFORMATION_FORMAT = dwarf;
				ENABLE_STRICT_OBJC_MSGSEND = YES;
				ENABLE_TESTABILITY = YES;
				GCC_C_LANGUAGE_STANDARD = gnu11;
				GCC_DYNAMIC_NO_PIC = NO;
				GCC_NO_COMMON_BLOCKS = YES;
				GCC_OPTIMIZATION_LEVEL = 0;
				GCC_PREPROCESSOR_DEFINITIONS = (
					"DEBUG=1",
					"$(inherited)",
				);
				GCC_WARN_64_TO_32_BIT_CONVERSION = YES;
				GCC_WARN_ABOUT_RETURN_TYPE = YES_ERROR;
				GCC_WARN_UNDECLARED_SELECTOR = YES;
				GCC_WARN_UNINITIALIZED_AUTOS = YES_AGGRESSIVE;
				GCC_WARN_UNUSED_FUNCTION = YES;
				GCC_WARN_UNUSED_VARIABLE = YES;
				IPHONEOS_DEPLOYMENT_TARGET = 12.0;
				MTL_ENABLE_DEBUG_INFO = INCLUDE_SOURCE;
				MTL_FAST_MATH = YES;
				ONLY_ACTIVE_ARCH = YES;
				SDKROOT = iphoneos;
				SWIFT_ACTIVE_COMPILATION_CONDITIONS = DEBUG;
				SWIFT_OPTIMIZATION_LEVEL = "-Onone";
			};
			name = Debug;
		};
		EA5908ED21B79D3000A154F1 /* Release */ = {
			isa = XCBuildConfiguration;
			buildSettings = {
				ALWAYS_SEARCH_USER_PATHS = NO;
				CLANG_ANALYZER_NONNULL = YES;
				CLANG_ANALYZER_NUMBER_OBJECT_CONVERSION = YES_AGGRESSIVE;
				CLANG_CXX_LANGUAGE_STANDARD = "gnu++14";
				CLANG_CXX_LIBRARY = "libc++";
				CLANG_ENABLE_MODULES = YES;
				CLANG_ENABLE_OBJC_ARC = YES;
				CLANG_ENABLE_OBJC_WEAK = YES;
				CLANG_WARN_BLOCK_CAPTURE_AUTORELEASING = YES;
				CLANG_WARN_BOOL_CONVERSION = YES;
				CLANG_WARN_COMMA = YES;
				CLANG_WARN_CONSTANT_CONVERSION = YES;
				CLANG_WARN_DEPRECATED_OBJC_IMPLEMENTATIONS = YES;
				CLANG_WARN_DIRECT_OBJC_ISA_USAGE = YES_ERROR;
				CLANG_WARN_DOCUMENTATION_COMMENTS = YES;
				CLANG_WARN_EMPTY_BODY = YES;
				CLANG_WARN_ENUM_CONVERSION = YES;
				CLANG_WARN_INFINITE_RECURSION = YES;
				CLANG_WARN_INT_CONVERSION = YES;
				CLANG_WARN_NON_LITERAL_NULL_CONVERSION = YES;
				CLANG_WARN_OBJC_IMPLICIT_RETAIN_SELF = YES;
				CLANG_WARN_OBJC_LITERAL_CONVERSION = YES;
				CLANG_WARN_OBJC_ROOT_CLASS = YES_ERROR;
				CLANG_WARN_RANGE_LOOP_ANALYSIS = YES;
				CLANG_WARN_STRICT_PROTOTYPES = YES;
				CLANG_WARN_SUSPICIOUS_MOVE = YES;
				CLANG_WARN_UNGUARDED_AVAILABILITY = YES_AGGRESSIVE;
				CLANG_WARN_UNREACHABLE_CODE = YES;
				CLANG_WARN__DUPLICATE_METHOD_MATCH = YES;
				CODE_SIGN_IDENTITY = "iPhone Developer";
				COPY_PHASE_STRIP = NO;
				DEBUG_INFORMATION_FORMAT = "dwarf-with-dsym";
				ENABLE_NS_ASSERTIONS = NO;
				ENABLE_STRICT_OBJC_MSGSEND = YES;
				GCC_C_LANGUAGE_STANDARD = gnu11;
				GCC_NO_COMMON_BLOCKS = YES;
				GCC_WARN_64_TO_32_BIT_CONVERSION = YES;
				GCC_WARN_ABOUT_RETURN_TYPE = YES_ERROR;
				GCC_WARN_UNDECLARED_SELECTOR = YES;
				GCC_WARN_UNINITIALIZED_AUTOS = YES_AGGRESSIVE;
				GCC_WARN_UNUSED_FUNCTION = YES;
				GCC_WARN_UNUSED_VARIABLE = YES;
				IPHONEOS_DEPLOYMENT_TARGET = 12.0;
				MTL_ENABLE_DEBUG_INFO = NO;
				MTL_FAST_MATH = YES;
				SDKROOT = iphoneos;
				SWIFT_COMPILATION_MODE = wholemodule;
				SWIFT_OPTIMIZATION_LEVEL = "-O";
				VALIDATE_PRODUCT = YES;
			};
			name = Release;
		};
		EA5908EF21B79D3000A154F1 /* Debug */ = {
			isa = XCBuildConfiguration;
			baseConfigurationReference = 0229FB3FEF16734B515A01D0 /* Pods-Bitcoin Tracker.debug.xcconfig */;
			buildSettings = {
				ASSETCATALOG_COMPILER_APPICON_NAME = AppIcon;
				CODE_SIGN_STYLE = Automatic;
				DEVELOPMENT_TEAM = XY3U4KW2S6;
				INFOPLIST_FILE = "Bitcoin Tracker/Info.plist";
				LD_RUNPATH_SEARCH_PATHS = (
					"$(inherited)",
					"@executable_path/Frameworks",
				);
				PRODUCT_BUNDLE_IDENTIFIER = "io.github.dns-404.Bitcoin-Tracker";
				PRODUCT_NAME = "$(TARGET_NAME)";
				SWIFT_VERSION = 4.2;
				TARGETED_DEVICE_FAMILY = "1,2";
			};
			name = Debug;
		};
		EA5908F021B79D3000A154F1 /* Release */ = {
			isa = XCBuildConfiguration;
			baseConfigurationReference = 13D1F050E480FB8AC8F2A4B1 /* Pods-Bitcoin Tracker.release.xcconfig */;
			buildSettings = {
				ASSETCATALOG_COMPILER_APPICON_NAME = AppIcon;
				CODE_SIGN_STYLE = Automatic;
				DEVELOPMENT_TEAM = XY3U4KW2S6;
				INFOPLIST_FILE = "Bitcoin Tracker/Info.plist";
				LD_RUNPATH_SEARCH_PATHS = (
					"$(inherited)",
					"@executable_path/Frameworks",
				);
				PRODUCT_BUNDLE_IDENTIFIER = "io.github.dns-404.Bitcoin-Tracker";
				PRODUCT_NAME = "$(TARGET_NAME)";
				SWIFT_VERSION = 4.2;
				TARGETED_DEVICE_FAMILY = "1,2";
			};
			name = Release;
		};
/* End XCBuildConfiguration section */

/* Begin XCConfigurationList section */
		EA5908D721B79D2D00A154F1 /* Build configuration list for PBXProject "Bitcoin Tracker" */ = {
			isa = XCConfigurationList;
			buildConfigurations = (
				EA5908EC21B79D3000A154F1 /* Debug */,
				EA5908ED21B79D3000A154F1 /* Release */,
			);
			defaultConfigurationIsVisible = 0;
			defaultConfigurationName = Release;
		};
		EA5908EE21B79D3000A154F1 /* Build configuration list for PBXNativeTarget "Bitcoin Tracker" */ = {
			isa = XCConfigurationList;
			buildConfigurations = (
				EA5908EF21B79D3000A154F1 /* Debug */,
				EA5908F021B79D3000A154F1 /* Release */,
			);
			defaultConfigurationIsVisible = 0;
			defaultConfigurationName = Release;
		};
/* End XCConfigurationList section */
	};
	rootObject = EA5908D421B79D2D00A154F1 /* Project object */;
}
